// !$*UTF8*$!
{
	archiveVersion = 1;
	classes = {
	};
	objectVersion = 56;
	objects = {

/* Begin PBXBuildFile section */
		0A113C0B2A82B2DC001FD53E /* TabBarButton.swift in Sources */ = {isa = PBXBuildFile; fileRef = 0A113C0A2A82B2DC001FD53E /* TabBarButton.swift */; };
		0A113C0E2A82B2FD001FD53E /* CustomTabBar.swift in Sources */ = {isa = PBXBuildFile; fileRef = 0A113C0D2A82B2FD001FD53E /* CustomTabBar.swift */; };
		0A113C102A82B5B6001FD53E /* ConfiguracionView.swift in Sources */ = {isa = PBXBuildFile; fileRef = 0A113C0F2A82B5B6001FD53E /* ConfiguracionView.swift */; };
		0A113C142A82C151001FD53E /* ConfigNombre.swift in Sources */ = {isa = PBXBuildFile; fileRef = 0A113C132A82C151001FD53E /* ConfigNombre.swift */; };
		0A113C162A82DCB3001FD53E /* MainMes.swift in Sources */ = {isa = PBXBuildFile; fileRef = 0A113C152A82DCB3001FD53E /* MainMes.swift */; };
		0A113C182A82DEC8001FD53E /* Filtro.swift in Sources */ = {isa = PBXBuildFile; fileRef = 0A113C172A82DEC8001FD53E /* Filtro.swift */; };
		0A113C1A2A82EEA2001FD53E /* VerMasVista.swift in Sources */ = {isa = PBXBuildFile; fileRef = 0A113C192A82EEA2001FD53E /* VerMasVista.swift */; };
		0A113C1C2A849F0F001FD53E /* ConfigBudget.swift in Sources */ = {isa = PBXBuildFile; fileRef = 0A113C1B2A849F0F001FD53E /* ConfigBudget.swift */; };
		0A113C312A857E9F001FD53E /* Budget+CoreDataClass.swift in Sources */ = {isa = PBXBuildFile; fileRef = 0A113C2D2A857E9F001FD53E /* Budget+CoreDataClass.swift */; };
		0A113C322A857E9F001FD53E /* Budget+CoreDataProperties.swift in Sources */ = {isa = PBXBuildFile; fileRef = 0A113C2E2A857E9F001FD53E /* Budget+CoreDataProperties.swift */; };
		0A113C332A857E9F001FD53E /* CatalinaDB+CoreDataClass.swift in Sources */ = {isa = PBXBuildFile; fileRef = 0A113C2F2A857E9F001FD53E /* CatalinaDB+CoreDataClass.swift */; };
		0A113C342A857E9F001FD53E /* CatalinaDB+CoreDataProperties.swift in Sources */ = {isa = PBXBuildFile; fileRef = 0A113C302A857E9F001FD53E /* CatalinaDB+CoreDataProperties.swift */; };
		0A113C362A85A901001FD53E /* MasInfoMes.swift in Sources */ = {isa = PBXBuildFile; fileRef = 0A113C352A85A901001FD53E /* MasInfoMes.swift */; };
		0A3C08962A7DCC5100E64B14 /* CatalinaAppApp.swift in Sources */ = {isa = PBXBuildFile; fileRef = 0A3C08952A7DCC5100E64B14 /* CatalinaAppApp.swift */; };
		0A3C08982A7DCC5100E64B14 /* VistaMes.swift in Sources */ = {isa = PBXBuildFile; fileRef = 0A3C08972A7DCC5100E64B14 /* VistaMes.swift */; };
		0A3C089A2A7DCC5300E64B14 /* Assets.xcassets in Resources */ = {isa = PBXBuildFile; fileRef = 0A3C08992A7DCC5300E64B14 /* Assets.xcassets */; };
		0A3C089D2A7DCC5300E64B14 /* Preview Assets.xcassets in Resources */ = {isa = PBXBuildFile; fileRef = 0A3C089C2A7DCC5300E64B14 /* Preview Assets.xcassets */; };
		0A3C089F2A7DCC5300E64B14 /* Persistence.swift in Sources */ = {isa = PBXBuildFile; fileRef = 0A3C089E2A7DCC5300E64B14 /* Persistence.swift */; };
		0A3C08A22A7DCC5300E64B14 /* CatalinaApp.xcdatamodeld in Sources */ = {isa = PBXBuildFile; fileRef = 0A3C08A02A7DCC5300E64B14 /* CatalinaApp.xcdatamodeld */; };
		0A3C08AC2A7DCC5300E64B14 /* CatalinaAppTests.swift in Sources */ = {isa = PBXBuildFile; fileRef = 0A3C08AB2A7DCC5300E64B14 /* CatalinaAppTests.swift */; };
		0A3C08B62A7DCC5400E64B14 /* CatalinaAppUITests.swift in Sources */ = {isa = PBXBuildFile; fileRef = 0A3C08B52A7DCC5400E64B14 /* CatalinaAppUITests.swift */; };
		0A3C08B82A7DCC5400E64B14 /* CatalinaAppUITestsLaunchTests.swift in Sources */ = {isa = PBXBuildFile; fileRef = 0A3C08B72A7DCC5400E64B14 /* CatalinaAppUITestsLaunchTests.swift */; };
		0A3C08CB2A7DD30600E64B14 /* AgregarInformacion.swift in Sources */ = {isa = PBXBuildFile; fileRef = 0A3C08CA2A7DD30600E64B14 /* AgregarInformacion.swift */; };
		0A49B9A32ADC2A61006A7789 /* MasInfoDiario.swift in Sources */ = {isa = PBXBuildFile; fileRef = 0A49B9A22ADC2A61006A7789 /* MasInfoDiario.swift */; };
		0A90D4C22AD27AE70049A2AC /* GoogleService-Info.plist in Resources */ = {isa = PBXBuildFile; fileRef = 0A90D4C12AD27AE70049A2AC /* GoogleService-Info.plist */; };
		0A90D4C42AD27B580049A2AC /* FirebaseAnalytics in Frameworks */ = {isa = PBXBuildFile; productRef = 0A90D4C32AD27B580049A2AC /* FirebaseAnalytics */; };
		0A90D4C62AD27B580049A2AC /* FirebaseAnalyticsSwift in Frameworks */ = {isa = PBXBuildFile; productRef = 0A90D4C52AD27B580049A2AC /* FirebaseAnalyticsSwift */; };
		0A90D4CA2AD2849B0049A2AC /* MainDiario.swift in Sources */ = {isa = PBXBuildFile; fileRef = 0A90D4C92AD2849B0049A2AC /* MainDiario.swift */; };
		0A90D4CC2AD285060049A2AC /* VistaDiario.swift in Sources */ = {isa = PBXBuildFile; fileRef = 0A90D4CB2AD285060049A2AC /* VistaDiario.swift */; };
		0A90D4D02AD5A4440049A2AC /* FirebaseDatabase in Frameworks */ = {isa = PBXBuildFile; productRef = 0A90D4CF2AD5A4440049A2AC /* FirebaseDatabase */; };
		0A90D4D22AD5C91D0049A2AC /* FirebaseDatabaseSwift in Frameworks */ = {isa = PBXBuildFile; productRef = 0A90D4D12AD5C91D0049A2AC /* FirebaseDatabaseSwift */; };
		0AA6494C2A80BA7E00557E11 /* RootView.swift in Sources */ = {isa = PBXBuildFile; fileRef = 0AA6494B2A80BA7E00557E11 /* RootView.swift */; };
		0AB179932AD5EF6500005D7E /* ObjectBudget.swift in Sources */ = {isa = PBXBuildFile; fileRef = 0AB179922AD5EF6500005D7E /* ObjectBudget.swift */; };
		0AB179952AD75BD900005D7E /* FirebaseStorage in Frameworks */ = {isa = PBXBuildFile; productRef = 0AB179942AD75BD900005D7E /* FirebaseStorage */; };
		0AB179972AD7C30300005D7E /* ReadViewModel.swift in Sources */ = {isa = PBXBuildFile; fileRef = 0AB179962AD7C30300005D7E /* ReadViewModel.swift */; };
		0AB179992AD82F9B00005D7E /* ObjectDemo.swift in Sources */ = {isa = PBXBuildFile; fileRef = 0AB179982AD82F9B00005D7E /* ObjectDemo.swift */; };
		0ADE66002AC6439D00785382 /* Launch Screen.storyboard in Resources */ = {isa = PBXBuildFile; fileRef = 0ADE65FF2AC6439D00785382 /* Launch Screen.storyboard */; };
		0ADE66042AC654FE00785382 /* GoogleSignIn in Frameworks */ = {isa = PBXBuildFile; productRef = 0ADE66032AC654FE00785382 /* GoogleSignIn */; };
/* End PBXBuildFile section */

/* Begin PBXContainerItemProxy section */
		0A3C08A82A7DCC5300E64B14 /* PBXContainerItemProxy */ = {
			isa = PBXContainerItemProxy;
			containerPortal = 0A3C088A2A7DCC5100E64B14 /* Project object */;
			proxyType = 1;
			remoteGlobalIDString = 0A3C08912A7DCC5100E64B14;
			remoteInfo = CatalinaApp;
		};
		0A3C08B22A7DCC5400E64B14 /* PBXContainerItemProxy */ = {
			isa = PBXContainerItemProxy;
			containerPortal = 0A3C088A2A7DCC5100E64B14 /* Project object */;
			proxyType = 1;
			remoteGlobalIDString = 0A3C08912A7DCC5100E64B14;
			remoteInfo = CatalinaApp;
		};
/* End PBXContainerItemProxy section */

/* Begin PBXFileReference section */
		0A113C0A2A82B2DC001FD53E /* TabBarButton.swift */ = {isa = PBXFileReference; lastKnownFileType = sourcecode.swift; path = TabBarButton.swift; sourceTree = "<group>"; };
		0A113C0D2A82B2FD001FD53E /* CustomTabBar.swift */ = {isa = PBXFileReference; lastKnownFileType = sourcecode.swift; path = CustomTabBar.swift; sourceTree = "<group>"; };
		0A113C0F2A82B5B6001FD53E /* ConfiguracionView.swift */ = {isa = PBXFileReference; lastKnownFileType = sourcecode.swift; path = ConfiguracionView.swift; sourceTree = "<group>"; };
		0A113C132A82C151001FD53E /* ConfigNombre.swift */ = {isa = PBXFileReference; lastKnownFileType = sourcecode.swift; path = ConfigNombre.swift; sourceTree = "<group>"; };
		0A113C152A82DCB3001FD53E /* MainMes.swift */ = {isa = PBXFileReference; lastKnownFileType = sourcecode.swift; path = MainMes.swift; sourceTree = "<group>"; };
		0A113C172A82DEC8001FD53E /* Filtro.swift */ = {isa = PBXFileReference; lastKnownFileType = sourcecode.swift; path = Filtro.swift; sourceTree = "<group>"; };
		0A113C192A82EEA2001FD53E /* VerMasVista.swift */ = {isa = PBXFileReference; lastKnownFileType = sourcecode.swift; path = VerMasVista.swift; sourceTree = "<group>"; };
		0A113C1B2A849F0F001FD53E /* ConfigBudget.swift */ = {isa = PBXFileReference; lastKnownFileType = sourcecode.swift; path = ConfigBudget.swift; sourceTree = "<group>"; };
		0A113C2D2A857E9F001FD53E /* Budget+CoreDataClass.swift */ = {isa = PBXFileReference; lastKnownFileType = sourcecode.swift; path = "Budget+CoreDataClass.swift"; sourceTree = SOURCE_ROOT; };
		0A113C2E2A857E9F001FD53E /* Budget+CoreDataProperties.swift */ = {isa = PBXFileReference; lastKnownFileType = sourcecode.swift; path = "Budget+CoreDataProperties.swift"; sourceTree = SOURCE_ROOT; };
		0A113C2F2A857E9F001FD53E /* CatalinaDB+CoreDataClass.swift */ = {isa = PBXFileReference; lastKnownFileType = sourcecode.swift; path = "CatalinaDB+CoreDataClass.swift"; sourceTree = SOURCE_ROOT; };
		0A113C302A857E9F001FD53E /* CatalinaDB+CoreDataProperties.swift */ = {isa = PBXFileReference; lastKnownFileType = sourcecode.swift; path = "CatalinaDB+CoreDataProperties.swift"; sourceTree = SOURCE_ROOT; };
		0A113C352A85A901001FD53E /* MasInfoMes.swift */ = {isa = PBXFileReference; lastKnownFileType = sourcecode.swift; path = MasInfoMes.swift; sourceTree = "<group>"; };
		0A3C08922A7DCC5100E64B14 /* CatalinaApp.app */ = {isa = PBXFileReference; explicitFileType = wrapper.application; includeInIndex = 0; path = CatalinaApp.app; sourceTree = BUILT_PRODUCTS_DIR; };
		0A3C08952A7DCC5100E64B14 /* CatalinaAppApp.swift */ = {isa = PBXFileReference; lastKnownFileType = sourcecode.swift; path = CatalinaAppApp.swift; sourceTree = "<group>"; };
		0A3C08972A7DCC5100E64B14 /* VistaMes.swift */ = {isa = PBXFileReference; lastKnownFileType = sourcecode.swift; path = VistaMes.swift; sourceTree = "<group>"; };
		0A3C08992A7DCC5300E64B14 /* Assets.xcassets */ = {isa = PBXFileReference; lastKnownFileType = folder.assetcatalog; path = Assets.xcassets; sourceTree = "<group>"; };
		0A3C089C2A7DCC5300E64B14 /* Preview Assets.xcassets */ = {isa = PBXFileReference; lastKnownFileType = folder.assetcatalog; path = "Preview Assets.xcassets"; sourceTree = "<group>"; };
		0A3C089E2A7DCC5300E64B14 /* Persistence.swift */ = {isa = PBXFileReference; lastKnownFileType = sourcecode.swift; path = Persistence.swift; sourceTree = "<group>"; };
		0A3C08A12A7DCC5300E64B14 /* CatalinaApp.xcdatamodel */ = {isa = PBXFileReference; lastKnownFileType = wrapper.xcdatamodel; path = CatalinaApp.xcdatamodel; sourceTree = "<group>"; };
		0A3C08A72A7DCC5300E64B14 /* CatalinaAppTests.xctest */ = {isa = PBXFileReference; explicitFileType = wrapper.cfbundle; includeInIndex = 0; path = CatalinaAppTests.xctest; sourceTree = BUILT_PRODUCTS_DIR; };
		0A3C08AB2A7DCC5300E64B14 /* CatalinaAppTests.swift */ = {isa = PBXFileReference; lastKnownFileType = sourcecode.swift; path = CatalinaAppTests.swift; sourceTree = "<group>"; };
		0A3C08B12A7DCC5400E64B14 /* CatalinaAppUITests.xctest */ = {isa = PBXFileReference; explicitFileType = wrapper.cfbundle; includeInIndex = 0; path = CatalinaAppUITests.xctest; sourceTree = BUILT_PRODUCTS_DIR; };
		0A3C08B52A7DCC5400E64B14 /* CatalinaAppUITests.swift */ = {isa = PBXFileReference; lastKnownFileType = sourcecode.swift; path = CatalinaAppUITests.swift; sourceTree = "<group>"; };
		0A3C08B72A7DCC5400E64B14 /* CatalinaAppUITestsLaunchTests.swift */ = {isa = PBXFileReference; lastKnownFileType = sourcecode.swift; path = CatalinaAppUITestsLaunchTests.swift; sourceTree = "<group>"; };
		0A3C08CA2A7DD30600E64B14 /* AgregarInformacion.swift */ = {isa = PBXFileReference; lastKnownFileType = sourcecode.swift; path = AgregarInformacion.swift; sourceTree = "<group>"; };
		0A49B9A22ADC2A61006A7789 /* MasInfoDiario.swift */ = {isa = PBXFileReference; lastKnownFileType = sourcecode.swift; path = MasInfoDiario.swift; sourceTree = "<group>"; };
		0A90D4C12AD27AE70049A2AC /* GoogleService-Info.plist */ = {isa = PBXFileReference; fileEncoding = 4; lastKnownFileType = text.plist.xml; path = "GoogleService-Info.plist"; sourceTree = "<group>"; };
		0A90D4C92AD2849B0049A2AC /* MainDiario.swift */ = {isa = PBXFileReference; lastKnownFileType = sourcecode.swift; path = MainDiario.swift; sourceTree = "<group>"; };
		0A90D4CB2AD285060049A2AC /* VistaDiario.swift */ = {isa = PBXFileReference; lastKnownFileType = sourcecode.swift; path = VistaDiario.swift; sourceTree = "<group>"; };
		0AA6494B2A80BA7E00557E11 /* RootView.swift */ = {isa = PBXFileReference; lastKnownFileType = sourcecode.swift; path = RootView.swift; sourceTree = "<group>"; };
		0AB179922AD5EF6500005D7E /* ObjectBudget.swift */ = {isa = PBXFileReference; lastKnownFileType = sourcecode.swift; path = ObjectBudget.swift; sourceTree = "<group>"; };
		0AB179962AD7C30300005D7E /* ReadViewModel.swift */ = {isa = PBXFileReference; lastKnownFileType = sourcecode.swift; path = ReadViewModel.swift; sourceTree = "<group>"; };
		0AB179982AD82F9B00005D7E /* ObjectDemo.swift */ = {isa = PBXFileReference; lastKnownFileType = sourcecode.swift; path = ObjectDemo.swift; sourceTree = "<group>"; };
		0ADE65FF2AC6439D00785382 /* Launch Screen.storyboard */ = {isa = PBXFileReference; lastKnownFileType = file.storyboard; path = "Launch Screen.storyboard"; sourceTree = "<group>"; };
/* End PBXFileReference section */

/* Begin PBXFrameworksBuildPhase section */
		0A3C088F2A7DCC5100E64B14 /* Frameworks */ = {
			isa = PBXFrameworksBuildPhase;
			buildActionMask = 2147483647;
			files = (
				0A90D4D22AD5C91D0049A2AC /* FirebaseDatabaseSwift in Frameworks */,
				0A90D4C62AD27B580049A2AC /* FirebaseAnalyticsSwift in Frameworks */,
				0A90D4C42AD27B580049A2AC /* FirebaseAnalytics in Frameworks */,
				0A90D4D02AD5A4440049A2AC /* FirebaseDatabase in Frameworks */,
				0ADE66042AC654FE00785382 /* GoogleSignIn in Frameworks */,
				0AB179952AD75BD900005D7E /* FirebaseStorage in Frameworks */,
			);
			runOnlyForDeploymentPostprocessing = 0;
		};
		0A3C08A42A7DCC5300E64B14 /* Frameworks */ = {
			isa = PBXFrameworksBuildPhase;
			buildActionMask = 2147483647;
			files = (
			);
			runOnlyForDeploymentPostprocessing = 0;
		};
		0A3C08AE2A7DCC5400E64B14 /* Frameworks */ = {
			isa = PBXFrameworksBuildPhase;
			buildActionMask = 2147483647;
			files = (
			);
			runOnlyForDeploymentPostprocessing = 0;
		};
/* End PBXFrameworksBuildPhase section */

/* Begin PBXGroup section */
		0A113C092A82B2BC001FD53E /* CustomTabBar */ = {
			isa = PBXGroup;
			children = (
				0A113C0A2A82B2DC001FD53E /* TabBarButton.swift */,
				0A113C0D2A82B2FD001FD53E /* CustomTabBar.swift */,
			);
			path = CustomTabBar;
			sourceTree = "<group>";
		};
		0A113C112A82C13B001FD53E /* VistasConfiguraciones */ = {
			isa = PBXGroup;
			children = (
				0A113C0F2A82B5B6001FD53E /* ConfiguracionView.swift */,
				0A113C132A82C151001FD53E /* ConfigNombre.swift */,
				0A113C1B2A849F0F001FD53E /* ConfigBudget.swift */,
			);
			path = VistasConfiguraciones;
			sourceTree = "<group>";
		};
		0A3C08892A7DCC5100E64B14 = {
			isa = PBXGroup;
			children = (
				0A3C08942A7DCC5100E64B14 /* CatalinaApp */,
				0A3C08AA2A7DCC5300E64B14 /* CatalinaAppTests */,
				0A3C08B42A7DCC5400E64B14 /* CatalinaAppUITests */,
				0A3C08932A7DCC5100E64B14 /* Products */,
			);
			sourceTree = "<group>";
		};
		0A3C08932A7DCC5100E64B14 /* Products */ = {
			isa = PBXGroup;
			children = (
				0A3C08922A7DCC5100E64B14 /* CatalinaApp.app */,
				0A3C08A72A7DCC5300E64B14 /* CatalinaAppTests.xctest */,
				0A3C08B12A7DCC5400E64B14 /* CatalinaAppUITests.xctest */,
			);
			name = Products;
			sourceTree = "<group>";
		};
		0A3C08942A7DCC5100E64B14 /* CatalinaApp */ = {
			isa = PBXGroup;
			children = (
				0AB179912AD5EF4600005D7E /* Modelo */,
				0A90D4C12AD27AE70049A2AC /* GoogleService-Info.plist */,
				0ADE65FF2AC6439D00785382 /* Launch Screen.storyboard */,
				0AA6494B2A80BA7E00557E11 /* RootView.swift */,
				0A113C112A82C13B001FD53E /* VistasConfiguraciones */,
				0A113C092A82B2BC001FD53E /* CustomTabBar */,
				0A3C08CC2A7DD30D00E64B14 /* Vistas */,
				0A3C08952A7DCC5100E64B14 /* CatalinaAppApp.swift */,
				0A3C08992A7DCC5300E64B14 /* Assets.xcassets */,
				0A3C089E2A7DCC5300E64B14 /* Persistence.swift */,
				0A3C08A02A7DCC5300E64B14 /* CatalinaApp.xcdatamodeld */,
				0A3C089B2A7DCC5300E64B14 /* Preview Content */,
			);
			path = CatalinaApp;
			sourceTree = "<group>";
		};
		0A3C089B2A7DCC5300E64B14 /* Preview Content */ = {
			isa = PBXGroup;
			children = (
				0A3C089C2A7DCC5300E64B14 /* Preview Assets.xcassets */,
			);
			path = "Preview Content";
			sourceTree = "<group>";
		};
		0A3C08AA2A7DCC5300E64B14 /* CatalinaAppTests */ = {
			isa = PBXGroup;
			children = (
				0A3C08AB2A7DCC5300E64B14 /* CatalinaAppTests.swift */,
			);
			path = CatalinaAppTests;
			sourceTree = "<group>";
		};
		0A3C08B42A7DCC5400E64B14 /* CatalinaAppUITests */ = {
			isa = PBXGroup;
			children = (
				0A3C08B52A7DCC5400E64B14 /* CatalinaAppUITests.swift */,
				0A3C08B72A7DCC5400E64B14 /* CatalinaAppUITestsLaunchTests.swift */,
			);
			path = CatalinaAppUITests;
			sourceTree = "<group>";
		};
		0A3C08C92A7DCE7A00E64B14 /* DB */ = {
			isa = PBXGroup;
			children = (
				0A113C2D2A857E9F001FD53E /* Budget+CoreDataClass.swift */,
				0A113C2E2A857E9F001FD53E /* Budget+CoreDataProperties.swift */,
				0A113C2F2A857E9F001FD53E /* CatalinaDB+CoreDataClass.swift */,
				0A113C302A857E9F001FD53E /* CatalinaDB+CoreDataProperties.swift */,
			);
			path = DB;
			sourceTree = "<group>";
		};
		0A3C08CC2A7DD30D00E64B14 /* Vistas */ = {
			isa = PBXGroup;
			children = (
				0A90D4CD2AD28CE40049A2AC /* Vistas-Mensual */,
				0A90D4CE2AD28CEE0049A2AC /* Vistas-Diario */,
				0A3C08CA2A7DD30600E64B14 /* AgregarInformacion.swift */,
				0A113C172A82DEC8001FD53E /* Filtro.swift */,
				0A3C08C92A7DCE7A00E64B14 /* DB */,
			);
			path = Vistas;
			sourceTree = "<group>";
		};
		0A90D4CD2AD28CE40049A2AC /* Vistas-Mensual */ = {
			isa = PBXGroup;
			children = (
				0A113C152A82DCB3001FD53E /* MainMes.swift */,
				0A3C08972A7DCC5100E64B14 /* VistaMes.swift */,
				0A113C352A85A901001FD53E /* MasInfoMes.swift */,
			);
			path = "Vistas-Mensual";
			sourceTree = "<group>";
		};
		0A90D4CE2AD28CEE0049A2AC /* Vistas-Diario */ = {
			isa = PBXGroup;
			children = (
				0A90D4C92AD2849B0049A2AC /* MainDiario.swift */,
				0A90D4CB2AD285060049A2AC /* VistaDiario.swift */,
				0A49B9A22ADC2A61006A7789 /* MasInfoDiario.swift */,
				0A113C192A82EEA2001FD53E /* VerMasVista.swift */,
			);
			path = "Vistas-Diario";
			sourceTree = "<group>";
		};
		0AB179912AD5EF4600005D7E /* Modelo */ = {
			isa = PBXGroup;
			children = (
				0AB179922AD5EF6500005D7E /* ObjectBudget.swift */,
				0AB179962AD7C30300005D7E /* ReadViewModel.swift */,
				0AB179982AD82F9B00005D7E /* ObjectDemo.swift */,
			);
			path = Modelo;
			sourceTree = "<group>";
		};
/* End PBXGroup section */

/* Begin PBXNativeTarget section */
		0A3C08912A7DCC5100E64B14 /* CatalinaApp */ = {
			isa = PBXNativeTarget;
			buildConfigurationList = 0A3C08BB2A7DCC5400E64B14 /* Build configuration list for PBXNativeTarget "CatalinaApp" */;
			buildPhases = (
				0A3C088E2A7DCC5100E64B14 /* Sources */,
				0A3C088F2A7DCC5100E64B14 /* Frameworks */,
				0A3C08902A7DCC5100E64B14 /* Resources */,
			);
			buildRules = (
			);
			dependencies = (
			);
			name = CatalinaApp;
			packageProductDependencies = (
				0ADE66032AC654FE00785382 /* GoogleSignIn */,
				0A90D4C32AD27B580049A2AC /* FirebaseAnalytics */,
				0A90D4C52AD27B580049A2AC /* FirebaseAnalyticsSwift */,
				0A90D4CF2AD5A4440049A2AC /* FirebaseDatabase */,
				0A90D4D12AD5C91D0049A2AC /* FirebaseDatabaseSwift */,
				0AB179942AD75BD900005D7E /* FirebaseStorage */,
			);
			productName = CatalinaApp;
			productReference = 0A3C08922A7DCC5100E64B14 /* CatalinaApp.app */;
			productType = "com.apple.product-type.application";
		};
		0A3C08A62A7DCC5300E64B14 /* CatalinaAppTests */ = {
			isa = PBXNativeTarget;
			buildConfigurationList = 0A3C08BE2A7DCC5400E64B14 /* Build configuration list for PBXNativeTarget "CatalinaAppTests" */;
			buildPhases = (
				0A3C08A32A7DCC5300E64B14 /* Sources */,
				0A3C08A42A7DCC5300E64B14 /* Frameworks */,
				0A3C08A52A7DCC5300E64B14 /* Resources */,
			);
			buildRules = (
			);
			dependencies = (
				0A3C08A92A7DCC5300E64B14 /* PBXTargetDependency */,
			);
			name = CatalinaAppTests;
			productName = CatalinaAppTests;
			productReference = 0A3C08A72A7DCC5300E64B14 /* CatalinaAppTests.xctest */;
			productType = "com.apple.product-type.bundle.unit-test";
		};
		0A3C08B02A7DCC5400E64B14 /* CatalinaAppUITests */ = {
			isa = PBXNativeTarget;
			buildConfigurationList = 0A3C08C12A7DCC5400E64B14 /* Build configuration list for PBXNativeTarget "CatalinaAppUITests" */;
			buildPhases = (
				0A3C08AD2A7DCC5400E64B14 /* Sources */,
				0A3C08AE2A7DCC5400E64B14 /* Frameworks */,
				0A3C08AF2A7DCC5400E64B14 /* Resources */,
			);
			buildRules = (
			);
			dependencies = (
				0A3C08B32A7DCC5400E64B14 /* PBXTargetDependency */,
			);
			name = CatalinaAppUITests;
			productName = CatalinaAppUITests;
			productReference = 0A3C08B12A7DCC5400E64B14 /* CatalinaAppUITests.xctest */;
			productType = "com.apple.product-type.bundle.ui-testing";
		};
/* End PBXNativeTarget section */

/* Begin PBXProject section */
		0A3C088A2A7DCC5100E64B14 /* Project object */ = {
			isa = PBXProject;
			attributes = {
				BuildIndependentTargetsInParallel = 1;
				LastSwiftUpdateCheck = 1430;
				LastUpgradeCheck = 1500;
				TargetAttributes = {
					0A3C08912A7DCC5100E64B14 = {
						CreatedOnToolsVersion = 14.3.1;
					};
					0A3C08A62A7DCC5300E64B14 = {
						CreatedOnToolsVersion = 14.3.1;
						TestTargetID = 0A3C08912A7DCC5100E64B14;
					};
					0A3C08B02A7DCC5400E64B14 = {
						CreatedOnToolsVersion = 14.3.1;
						TestTargetID = 0A3C08912A7DCC5100E64B14;
					};
				};
			};
			buildConfigurationList = 0A3C088D2A7DCC5100E64B14 /* Build configuration list for PBXProject "CatalinaApp" */;
			compatibilityVersion = "Xcode 14.0";
			developmentRegion = en;
			hasScannedForEncodings = 0;
			knownRegions = (
				en,
				Base,
			);
			mainGroup = 0A3C08892A7DCC5100E64B14;
			packageReferences = (
				0ADE66012AC653DE00785382 /* XCRemoteSwiftPackageReference "firebase-ios-sdk" */,
				0ADE66022AC654C400785382 /* XCRemoteSwiftPackageReference "GoogleSignIn-iOS" */,
			);
			productRefGroup = 0A3C08932A7DCC5100E64B14 /* Products */;
			projectDirPath = "";
			projectRoot = "";
			targets = (
				0A3C08912A7DCC5100E64B14 /* CatalinaApp */,
				0A3C08A62A7DCC5300E64B14 /* CatalinaAppTests */,
				0A3C08B02A7DCC5400E64B14 /* CatalinaAppUITests */,
			);
		};
/* End PBXProject section */

/* Begin PBXResourcesBuildPhase section */
		0A3C08902A7DCC5100E64B14 /* Resources */ = {
			isa = PBXResourcesBuildPhase;
			buildActionMask = 2147483647;
			files = (
				0ADE66002AC6439D00785382 /* Launch Screen.storyboard in Resources */,
				0A90D4C22AD27AE70049A2AC /* GoogleService-Info.plist in Resources */,
				0A3C089D2A7DCC5300E64B14 /* Preview Assets.xcassets in Resources */,
				0A3C089A2A7DCC5300E64B14 /* Assets.xcassets in Resources */,
			);
			runOnlyForDeploymentPostprocessing = 0;
		};
		0A3C08A52A7DCC5300E64B14 /* Resources */ = {
			isa = PBXResourcesBuildPhase;
			buildActionMask = 2147483647;
			files = (
			);
			runOnlyForDeploymentPostprocessing = 0;
		};
		0A3C08AF2A7DCC5400E64B14 /* Resources */ = {
			isa = PBXResourcesBuildPhase;
			buildActionMask = 2147483647;
			files = (
			);
			runOnlyForDeploymentPostprocessing = 0;
		};
/* End PBXResourcesBuildPhase section */

/* Begin PBXSourcesBuildPhase section */
		0A3C088E2A7DCC5100E64B14 /* Sources */ = {
			isa = PBXSourcesBuildPhase;
			buildActionMask = 2147483647;
			files = (
				0A113C322A857E9F001FD53E /* Budget+CoreDataProperties.swift in Sources */,
				0AA6494C2A80BA7E00557E11 /* RootView.swift in Sources */,
				0A113C342A857E9F001FD53E /* CatalinaDB+CoreDataProperties.swift in Sources */,
				0A113C362A85A901001FD53E /* MasInfoMes.swift in Sources */,
				0A113C162A82DCB3001FD53E /* MainMes.swift in Sources */,
				0A3C089F2A7DCC5300E64B14 /* Persistence.swift in Sources */,
				0A113C182A82DEC8001FD53E /* Filtro.swift in Sources */,
				0AB179992AD82F9B00005D7E /* ObjectDemo.swift in Sources */,
				0A113C102A82B5B6001FD53E /* ConfiguracionView.swift in Sources */,
				0A3C08982A7DCC5100E64B14 /* VistaMes.swift in Sources */,
				0A3C08CB2A7DD30600E64B14 /* AgregarInformacion.swift in Sources */,
				0A113C1A2A82EEA2001FD53E /* VerMasVista.swift in Sources */,
				0A113C142A82C151001FD53E /* ConfigNombre.swift in Sources */,
				0A113C0B2A82B2DC001FD53E /* TabBarButton.swift in Sources */,
				0A113C0E2A82B2FD001FD53E /* CustomTabBar.swift in Sources */,
				0A90D4CA2AD2849B0049A2AC /* MainDiario.swift in Sources */,
				0A90D4CC2AD285060049A2AC /* VistaDiario.swift in Sources */,
				0A3C08A22A7DCC5300E64B14 /* CatalinaApp.xcdatamodeld in Sources */,
				0A113C1C2A849F0F001FD53E /* ConfigBudget.swift in Sources */,
				0A113C332A857E9F001FD53E /* CatalinaDB+CoreDataClass.swift in Sources */,
				0AB179932AD5EF6500005D7E /* ObjectBudget.swift in Sources */,
				0AB179972AD7C30300005D7E /* ReadViewModel.swift in Sources */,
				0A113C312A857E9F001FD53E /* Budget+CoreDataClass.swift in Sources */,
				0A3C08962A7DCC5100E64B14 /* CatalinaAppApp.swift in Sources */,
				0A49B9A32ADC2A61006A7789 /* MasInfoDiario.swift in Sources */,
			);
			runOnlyForDeploymentPostprocessing = 0;
		};
		0A3C08A32A7DCC5300E64B14 /* Sources */ = {
			isa = PBXSourcesBuildPhase;
			buildActionMask = 2147483647;
			files = (
				0A3C08AC2A7DCC5300E64B14 /* CatalinaAppTests.swift in Sources */,
			);
			runOnlyForDeploymentPostprocessing = 0;
		};
		0A3C08AD2A7DCC5400E64B14 /* Sources */ = {
			isa = PBXSourcesBuildPhase;
			buildActionMask = 2147483647;
			files = (
				0A3C08B62A7DCC5400E64B14 /* CatalinaAppUITests.swift in Sources */,
				0A3C08B82A7DCC5400E64B14 /* CatalinaAppUITestsLaunchTests.swift in Sources */,
			);
			runOnlyForDeploymentPostprocessing = 0;
		};
/* End PBXSourcesBuildPhase section */

/* Begin PBXTargetDependency section */
		0A3C08A92A7DCC5300E64B14 /* PBXTargetDependency */ = {
			isa = PBXTargetDependency;
			target = 0A3C08912A7DCC5100E64B14 /* CatalinaApp */;
			targetProxy = 0A3C08A82A7DCC5300E64B14 /* PBXContainerItemProxy */;
		};
		0A3C08B32A7DCC5400E64B14 /* PBXTargetDependency */ = {
			isa = PBXTargetDependency;
			target = 0A3C08912A7DCC5100E64B14 /* CatalinaApp */;
			targetProxy = 0A3C08B22A7DCC5400E64B14 /* PBXContainerItemProxy */;
		};
/* End PBXTargetDependency section */

/* Begin XCBuildConfiguration section */
		0A3C08B92A7DCC5400E64B14 /* Debug */ = {
			isa = XCBuildConfiguration;
			buildSettings = {
				ALWAYS_SEARCH_USER_PATHS = NO;
				CLANG_ANALYZER_NONNULL = YES;
				CLANG_ANALYZER_NUMBER_OBJECT_CONVERSION = YES_AGGRESSIVE;
				CLANG_CXX_LANGUAGE_STANDARD = "gnu++20";
				CLANG_ENABLE_MODULES = YES;
				CLANG_ENABLE_OBJC_ARC = YES;
				CLANG_ENABLE_OBJC_WEAK = YES;
				CLANG_WARN_BLOCK_CAPTURE_AUTORELEASING = YES;
				CLANG_WARN_BOOL_CONVERSION = YES;
				CLANG_WARN_COMMA = YES;
				CLANG_WARN_CONSTANT_CONVERSION = YES;
				CLANG_WARN_DEPRECATED_OBJC_IMPLEMENTATIONS = YES;
				CLANG_WARN_DIRECT_OBJC_ISA_USAGE = YES_ERROR;
				CLANG_WARN_DOCUMENTATION_COMMENTS = YES;
				CLANG_WARN_EMPTY_BODY = YES;
				CLANG_WARN_ENUM_CONVERSION = YES;
				CLANG_WARN_INFINITE_RECURSION = YES;
				CLANG_WARN_INT_CONVERSION = YES;
				CLANG_WARN_NON_LITERAL_NULL_CONVERSION = YES;
				CLANG_WARN_OBJC_IMPLICIT_RETAIN_SELF = YES;
				CLANG_WARN_OBJC_LITERAL_CONVERSION = YES;
				CLANG_WARN_OBJC_ROOT_CLASS = YES_ERROR;
				CLANG_WARN_QUOTED_INCLUDE_IN_FRAMEWORK_HEADER = YES;
				CLANG_WARN_RANGE_LOOP_ANALYSIS = YES;
				CLANG_WARN_STRICT_PROTOTYPES = YES;
				CLANG_WARN_SUSPICIOUS_MOVE = YES;
				CLANG_WARN_UNGUARDED_AVAILABILITY = YES_AGGRESSIVE;
				CLANG_WARN_UNREACHABLE_CODE = YES;
				CLANG_WARN__DUPLICATE_METHOD_MATCH = YES;
				COPY_PHASE_STRIP = NO;
				DEBUG_INFORMATION_FORMAT = dwarf;
				ENABLE_STRICT_OBJC_MSGSEND = YES;
				ENABLE_TESTABILITY = YES;
				ENABLE_USER_SCRIPT_SANDBOXING = YES;
				GCC_C_LANGUAGE_STANDARD = gnu11;
				GCC_DYNAMIC_NO_PIC = NO;
				GCC_NO_COMMON_BLOCKS = YES;
				GCC_OPTIMIZATION_LEVEL = 0;
				GCC_PREPROCESSOR_DEFINITIONS = (
					"DEBUG=1",
					"$(inherited)",
				);
				GCC_WARN_64_TO_32_BIT_CONVERSION = YES;
				GCC_WARN_ABOUT_RETURN_TYPE = YES_ERROR;
				GCC_WARN_UNDECLARED_SELECTOR = YES;
				GCC_WARN_UNINITIALIZED_AUTOS = YES_AGGRESSIVE;
				GCC_WARN_UNUSED_FUNCTION = YES;
				GCC_WARN_UNUSED_VARIABLE = YES;
				IPHONEOS_DEPLOYMENT_TARGET = 16.4;
				MTL_ENABLE_DEBUG_INFO = INCLUDE_SOURCE;
				MTL_FAST_MATH = YES;
				ONLY_ACTIVE_ARCH = YES;
				SDKROOT = iphoneos;
				SWIFT_ACTIVE_COMPILATION_CONDITIONS = DEBUG;
				SWIFT_OPTIMIZATION_LEVEL = "-Onone";
			};
			name = Debug;
		};
		0A3C08BA2A7DCC5400E64B14 /* Release */ = {
			isa = XCBuildConfiguration;
			buildSettings = {
				ALWAYS_SEARCH_USER_PATHS = NO;
				CLANG_ANALYZER_NONNULL = YES;
				CLANG_ANALYZER_NUMBER_OBJECT_CONVERSION = YES_AGGRESSIVE;
				CLANG_CXX_LANGUAGE_STANDARD = "gnu++20";
				CLANG_ENABLE_MODULES = YES;
				CLANG_ENABLE_OBJC_ARC = YES;
				CLANG_ENABLE_OBJC_WEAK = YES;
				CLANG_WARN_BLOCK_CAPTURE_AUTORELEASING = YES;
				CLANG_WARN_BOOL_CONVERSION = YES;
				CLANG_WARN_COMMA = YES;
				CLANG_WARN_CONSTANT_CONVERSION = YES;
				CLANG_WARN_DEPRECATED_OBJC_IMPLEMENTATIONS = YES;
				CLANG_WARN_DIRECT_OBJC_ISA_USAGE = YES_ERROR;
				CLANG_WARN_DOCUMENTATION_COMMENTS = YES;
				CLANG_WARN_EMPTY_BODY = YES;
				CLANG_WARN_ENUM_CONVERSION = YES;
				CLANG_WARN_INFINITE_RECURSION = YES;
				CLANG_WARN_INT_CONVERSION = YES;
				CLANG_WARN_NON_LITERAL_NULL_CONVERSION = YES;
				CLANG_WARN_OBJC_IMPLICIT_RETAIN_SELF = YES;
				CLANG_WARN_OBJC_LITERAL_CONVERSION = YES;
				CLANG_WARN_OBJC_ROOT_CLASS = YES_ERROR;
				CLANG_WARN_QUOTED_INCLUDE_IN_FRAMEWORK_HEADER = YES;
				CLANG_WARN_RANGE_LOOP_ANALYSIS = YES;
				CLANG_WARN_STRICT_PROTOTYPES = YES;
				CLANG_WARN_SUSPICIOUS_MOVE = YES;
				CLANG_WARN_UNGUARDED_AVAILABILITY = YES_AGGRESSIVE;
				CLANG_WARN_UNREACHABLE_CODE = YES;
				CLANG_WARN__DUPLICATE_METHOD_MATCH = YES;
				COPY_PHASE_STRIP = NO;
				DEBUG_INFORMATION_FORMAT = "dwarf-with-dsym";
				ENABLE_NS_ASSERTIONS = NO;
				ENABLE_STRICT_OBJC_MSGSEND = YES;
				ENABLE_USER_SCRIPT_SANDBOXING = YES;
				GCC_C_LANGUAGE_STANDARD = gnu11;
				GCC_NO_COMMON_BLOCKS = YES;
				GCC_WARN_64_TO_32_BIT_CONVERSION = YES;
				GCC_WARN_ABOUT_RETURN_TYPE = YES_ERROR;
				GCC_WARN_UNDECLARED_SELECTOR = YES;
				GCC_WARN_UNINITIALIZED_AUTOS = YES_AGGRESSIVE;
				GCC_WARN_UNUSED_FUNCTION = YES;
				GCC_WARN_UNUSED_VARIABLE = YES;
				IPHONEOS_DEPLOYMENT_TARGET = 16.4;
				MTL_ENABLE_DEBUG_INFO = NO;
				MTL_FAST_MATH = YES;
				SDKROOT = iphoneos;
				SWIFT_COMPILATION_MODE = wholemodule;
				SWIFT_OPTIMIZATION_LEVEL = "-O";
				VALIDATE_PRODUCT = YES;
			};
			name = Release;
		};
		0A3C08BC2A7DCC5400E64B14 /* Debug */ = {
			isa = XCBuildConfiguration;
			buildSettings = {
				ASSETCATALOG_COMPILER_APPICON_NAME = AppIcon;
				ASSETCATALOG_COMPILER_GLOBAL_ACCENT_COLOR_NAME = AccentColor;
				CODE_SIGN_STYLE = Automatic;
				CURRENT_PROJECT_VERSION = 1;
				DEVELOPMENT_ASSET_PATHS = "\"CatalinaApp/Preview Content\"";
				DEVELOPMENT_TEAM = 8QWS9YWJH4;
				ENABLE_PREVIEWS = YES;
				GENERATE_INFOPLIST_FILE = YES;
				INFOPLIST_KEY_UIApplicationSceneManifest_Generation = YES;
				INFOPLIST_KEY_UIApplicationSupportsIndirectInputEvents = YES;
				INFOPLIST_KEY_UILaunchScreen_Generation = YES;
				INFOPLIST_KEY_UILaunchStoryboardName = "Launch Screen.storyboard";
				INFOPLIST_KEY_UISupportedInterfaceOrientations_iPad = "UIInterfaceOrientationPortrait UIInterfaceOrientationPortraitUpsideDown UIInterfaceOrientationLandscapeLeft UIInterfaceOrientationLandscapeRight";
				INFOPLIST_KEY_UISupportedInterfaceOrientations_iPhone = "UIInterfaceOrientationPortrait UIInterfaceOrientationLandscapeLeft UIInterfaceOrientationLandscapeRight";
				LD_RUNPATH_SEARCH_PATHS = (
					"$(inherited)",
					"@executable_path/Frameworks",
				);
				MARKETING_VERSION = 1.0;
				PRODUCT_BUNDLE_IDENTIFIER = com.JacobsApp.CatalinaApp;
				PRODUCT_NAME = "$(TARGET_NAME)";
				SWIFT_EMIT_LOC_STRINGS = YES;
				SWIFT_VERSION = 5.0;
				TARGETED_DEVICE_FAMILY = "1,2";
			};
			name = Debug;
		};
		0A3C08BD2A7DCC5400E64B14 /* Release */ = {
			isa = XCBuildConfiguration;
			buildSettings = {
				ASSETCATALOG_COMPILER_APPICON_NAME = AppIcon;
				ASSETCATALOG_COMPILER_GLOBAL_ACCENT_COLOR_NAME = AccentColor;
				CODE_SIGN_STYLE = Automatic;
				CURRENT_PROJECT_VERSION = 1;
				DEVELOPMENT_ASSET_PATHS = "\"CatalinaApp/Preview Content\"";
				DEVELOPMENT_TEAM = 8QWS9YWJH4;
				ENABLE_PREVIEWS = YES;
				GENERATE_INFOPLIST_FILE = YES;
				INFOPLIST_KEY_UIApplicationSceneManifest_Generation = YES;
				INFOPLIST_KEY_UIApplicationSupportsIndirectInputEvents = YES;
				INFOPLIST_KEY_UILaunchScreen_Generation = YES;
				INFOPLIST_KEY_UILaunchStoryboardName = "Launch Screen.storyboard";
				INFOPLIST_KEY_UISupportedInterfaceOrientations_iPad = "UIInterfaceOrientationPortrait UIInterfaceOrientationPortraitUpsideDown UIInterfaceOrientationLandscapeLeft UIInterfaceOrientationLandscapeRight";
				INFOPLIST_KEY_UISupportedInterfaceOrientations_iPhone = "UIInterfaceOrientationPortrait UIInterfaceOrientationLandscapeLeft UIInterfaceOrientationLandscapeRight";
				LD_RUNPATH_SEARCH_PATHS = (
					"$(inherited)",
					"@executable_path/Frameworks",
				);
				MARKETING_VERSION = 1.0;
				PRODUCT_BUNDLE_IDENTIFIER = com.JacobsApp.CatalinaApp;
				PRODUCT_NAME = "$(TARGET_NAME)";
				SWIFT_EMIT_LOC_STRINGS = YES;
				SWIFT_VERSION = 5.0;
				TARGETED_DEVICE_FAMILY = "1,2";
			};
			name = Release;
		};
		0A3C08BF2A7DCC5400E64B14 /* Debug */ = {
			isa = XCBuildConfiguration;
			buildSettings = {
				ALWAYS_EMBED_SWIFT_STANDARD_LIBRARIES = YES;
				BUNDLE_LOADER = "$(TEST_HOST)";
				CODE_SIGN_STYLE = Automatic;
				CURRENT_PROJECT_VERSION = 1;
				DEVELOPMENT_TEAM = 8QWS9YWJH4;
				GENERATE_INFOPLIST_FILE = YES;
				IPHONEOS_DEPLOYMENT_TARGET = 16.4;
				MARKETING_VERSION = 1.0;
				PRODUCT_BUNDLE_IDENTIFIER = com.JacobsApp.CatalinaAppTests;
				PRODUCT_NAME = "$(TARGET_NAME)";
				SWIFT_EMIT_LOC_STRINGS = NO;
				SWIFT_VERSION = 5.0;
				TARGETED_DEVICE_FAMILY = "1,2";
				TEST_HOST = "$(BUILT_PRODUCTS_DIR)/CatalinaApp.app/$(BUNDLE_EXECUTABLE_FOLDER_PATH)/CatalinaApp";
			};
			name = Debug;
		};
		0A3C08C02A7DCC5400E64B14 /* Release */ = {
			isa = XCBuildConfiguration;
			buildSettings = {
				ALWAYS_EMBED_SWIFT_STANDARD_LIBRARIES = YES;
				BUNDLE_LOADER = "$(TEST_HOST)";
				CODE_SIGN_STYLE = Automatic;
				CURRENT_PROJECT_VERSION = 1;
				DEVELOPMENT_TEAM = 8QWS9YWJH4;
				GENERATE_INFOPLIST_FILE = YES;
				IPHONEOS_DEPLOYMENT_TARGET = 16.4;
				MARKETING_VERSION = 1.0;
				PRODUCT_BUNDLE_IDENTIFIER = com.JacobsApp.CatalinaAppTests;
				PRODUCT_NAME = "$(TARGET_NAME)";
				SWIFT_EMIT_LOC_STRINGS = NO;
				SWIFT_VERSION = 5.0;
				TARGETED_DEVICE_FAMILY = "1,2";
				TEST_HOST = "$(BUILT_PRODUCTS_DIR)/CatalinaApp.app/$(BUNDLE_EXECUTABLE_FOLDER_PATH)/CatalinaApp";
			};
			name = Release;
		};
		0A3C08C22A7DCC5400E64B14 /* Debug */ = {
			isa = XCBuildConfiguration;
			buildSettings = {
				ALWAYS_EMBED_SWIFT_STANDARD_LIBRARIES = YES;
				CODE_SIGN_STYLE = Automatic;
				CURRENT_PROJECT_VERSION = 1;
				DEVELOPMENT_TEAM = 8QWS9YWJH4;
				GENERATE_INFOPLIST_FILE = YES;
				MARKETING_VERSION = 1.0;
				PRODUCT_BUNDLE_IDENTIFIER = com.JacobsApp.CatalinaAppUITests;
				PRODUCT_NAME = "$(TARGET_NAME)";
				SWIFT_EMIT_LOC_STRINGS = NO;
				SWIFT_VERSION = 5.0;
				TARGETED_DEVICE_FAMILY = "1,2";
				TEST_TARGET_NAME = CatalinaApp;
			};
			name = Debug;
		};
		0A3C08C32A7DCC5400E64B14 /* Release */ = {
			isa = XCBuildConfiguration;
			buildSettings = {
				ALWAYS_EMBED_SWIFT_STANDARD_LIBRARIES = YES;
				CODE_SIGN_STYLE = Automatic;
				CURRENT_PROJECT_VERSION = 1;
				DEVELOPMENT_TEAM = 8QWS9YWJH4;
				GENERATE_INFOPLIST_FILE = YES;
				MARKETING_VERSION = 1.0;
				PRODUCT_BUNDLE_IDENTIFIER = com.JacobsApp.CatalinaAppUITests;
				PRODUCT_NAME = "$(TARGET_NAME)";
				SWIFT_EMIT_LOC_STRINGS = NO;
				SWIFT_VERSION = 5.0;
				TARGETED_DEVICE_FAMILY = "1,2";
				TEST_TARGET_NAME = CatalinaApp;
			};
			name = Release;
		};
/* End XCBuildConfiguration section */

/* Begin XCConfigurationList section */
		0A3C088D2A7DCC5100E64B14 /* Build configuration list for PBXProject "CatalinaApp" */ = {
			isa = XCConfigurationList;
			buildConfigurations = (
				0A3C08B92A7DCC5400E64B14 /* Debug */,
				0A3C08BA2A7DCC5400E64B14 /* Release */,
			);
			defaultConfigurationIsVisible = 0;
			defaultConfigurationName = Release;
		};
		0A3C08BB2A7DCC5400E64B14 /* Build configuration list for PBXNativeTarget "CatalinaApp" */ = {
			isa = XCConfigurationList;
			buildConfigurations = (
				0A3C08BC2A7DCC5400E64B14 /* Debug */,
				0A3C08BD2A7DCC5400E64B14 /* Release */,
			);
			defaultConfigurationIsVisible = 0;
			defaultConfigurationName = Release;
		};
		0A3C08BE2A7DCC5400E64B14 /* Build configuration list for PBXNativeTarget "CatalinaAppTests" */ = {
			isa = XCConfigurationList;
			buildConfigurations = (
				0A3C08BF2A7DCC5400E64B14 /* Debug */,
				0A3C08C02A7DCC5400E64B14 /* Release */,
			);
			defaultConfigurationIsVisible = 0;
			defaultConfigurationName = Release;
		};
		0A3C08C12A7DCC5400E64B14 /* Build configuration list for PBXNativeTarget "CatalinaAppUITests" */ = {
			isa = XCConfigurationList;
			buildConfigurations = (
				0A3C08C22A7DCC5400E64B14 /* Debug */,
				0A3C08C32A7DCC5400E64B14 /* Release */,
			);
			defaultConfigurationIsVisible = 0;
			defaultConfigurationName = Release;
		};
/* End XCConfigurationList section */

/* Begin XCRemoteSwiftPackageReference section */
		0ADE66012AC653DE00785382 /* XCRemoteSwiftPackageReference "firebase-ios-sdk" */ = {
			isa = XCRemoteSwiftPackageReference;
			repositoryURL = "https://github.com/firebase/firebase-ios-sdk";
			requirement = {
				kind = upToNextMajorVersion;
				minimumVersion = 10.15.0;
			};
		};
		0ADE66022AC654C400785382 /* XCRemoteSwiftPackageReference "GoogleSignIn-iOS" */ = {
			isa = XCRemoteSwiftPackageReference;
			repositoryURL = "https://github.com/google/GoogleSignIn-iOS";
			requirement = {
				kind = upToNextMajorVersion;
				minimumVersion = 7.0.0;
			};
		};
/* End XCRemoteSwiftPackageReference section */

/* Begin XCSwiftPackageProductDependency section */
		0A90D4C32AD27B580049A2AC /* FirebaseAnalytics */ = {
			isa = XCSwiftPackageProductDependency;
			package = 0ADE66012AC653DE00785382 /* XCRemoteSwiftPackageReference "firebase-ios-sdk" */;
			productName = FirebaseAnalytics;
		};
		0A90D4C52AD27B580049A2AC /* FirebaseAnalyticsSwift */ = {
			isa = XCSwiftPackageProductDependency;
			package = 0ADE66012AC653DE00785382 /* XCRemoteSwiftPackageReference "firebase-ios-sdk" */;
			productName = FirebaseAnalyticsSwift;
		};
		0A90D4CF2AD5A4440049A2AC /* FirebaseDatabase */ = {
			isa = XCSwiftPackageProductDependency;
			package = 0ADE66012AC653DE00785382 /* XCRemoteSwiftPackageReference "firebase-ios-sdk" */;
			productName = FirebaseDatabase;
		};
		0A90D4D12AD5C91D0049A2AC /* FirebaseDatabaseSwift */ = {
			isa = XCSwiftPackageProductDependency;
			package = 0ADE66012AC653DE00785382 /* XCRemoteSwiftPackageReference "firebase-ios-sdk" */;
			productName = FirebaseDatabaseSwift;
		};
		0AB179942AD75BD900005D7E /* FirebaseStorage */ = {
			isa = XCSwiftPackageProductDependency;
			package = 0ADE66012AC653DE00785382 /* XCRemoteSwiftPackageReference "firebase-ios-sdk" */;
			productName = FirebaseStorage;
		};
		0ADE66032AC654FE00785382 /* GoogleSignIn */ = {
			isa = XCSwiftPackageProductDependency;
			package = 0ADE66022AC654C400785382 /* XCRemoteSwiftPackageReference "GoogleSignIn-iOS" */;
			productName = GoogleSignIn;
		};
/* End XCSwiftPackageProductDependency section */

/* Begin XCVersionGroup section */
		0A3C08A02A7DCC5300E64B14 /* CatalinaApp.xcdatamodeld */ = {
			isa = XCVersionGroup;
			children = (
				0A3C08A12A7DCC5300E64B14 /* CatalinaApp.xcdatamodel */,
			);
			currentVersion = 0A3C08A12A7DCC5300E64B14 /* CatalinaApp.xcdatamodel */;
			path = CatalinaApp.xcdatamodeld;
			sourceTree = "<group>";
			versionGroupType = wrapper.xcdatamodel;
		};
/* End XCVersionGroup section */
	};
	rootObject = 0A3C088A2A7DCC5100E64B14 /* Project object */;
}
